
Microsoft Visual Studio Solution File, Format Version 12.00
# Visual Studio Version 17
VisualStudioVersion = 17.13.35818.85 d17.13
MinimumVisualStudioVersion = 10.0.40219.1
Project("{FAE04EC0-301F-11D3-BF4B-00C04F79EFBC}") = "sync_donations_bm", "sync_donations_bm\sync_donations_bm.csproj", "{5A531352-AAAF-4455-B263-B458DD3270E0}"
EndProject
Global
	GlobalSection(SolutionConfigurationPlatforms) = preSolution
		Debug|Any CPU = Debug|Any CPU
		Release|Any CPU = Release|Any CPU
	EndGlobalSection
	GlobalSection(ProjectConfigurationPlatforms) = postSolution
		{5A531352-AAAF-4455-B263-B458DD3270E0}.Debug|Any CPU.ActiveCfg = Debug|Any CPU
		{5A531352-AAAF-4455-B263-B458DD3270E0}.Debug|Any CPU.Build.0 = Debug|Any CPU
		{5A531352-AAAF-4455-B263-B458DD3270E0}.Release|Any CPU.ActiveCfg = Release|Any CPU
		{5A531352-AAAF-4455-B263-B458DD3270E0}.Release|Any CPU.Build.0 = Release|Any CPU
	EndGlobalSection
	GlobalSection(SolutionProperties) = preSolution
		HideSolutionNode = FALSE
	EndGlobalSection
	GlobalSection(ExtensibilityGlobals) = postSolution
		SolutionGuid = {7409876B-303A-46C1-8D1E-5EFC8373E262}
	EndGlobalSection
EndGlobal
